
Microsoft Visual Studio Solution File, Format Version 12.00
# Visual Studio 15
VisualStudioVersion = 15.0.27703.2035
MinimumVisualStudioVersion = 10.0.40219.1
Project("{FAE04EC0-301F-11D3-BF4B-00C04F79EFBC}") = "Bingo", "Bingo\Bingo.csproj", "{D70A1B74-BC60-4138-BCD9-4CAA7DAF1577}"
EndProject
Global
	GlobalSection(SolutionConfigurationPlatforms) = preSolution
		Debug|Any CPU = Debug|Any CPU
		Release|Any CPU = Release|Any CPU
	EndGlobalSection
	GlobalSection(ProjectConfigurationPlatforms) = postSolution
		{D70A1B74-BC60-4138-BCD9-4CAA7DAF1577}.Debug|Any CPU.ActiveCfg = Debug|Any CPU
		{D70A1B74-BC60-4138-BCD9-4CAA7DAF1577}.Debug|Any CPU.Build.0 = Debug|Any CPU
		{D70A1B74-BC60-4138-BCD9-4CAA7DAF1577}.Release|Any CPU.ActiveCfg = Release|Any CPU
		{D70A1B74-BC60-4138-BCD9-4CAA7DAF1577}.Release|Any CPU.Build.0 = Release|Any CPU
	EndGlobalSection
	GlobalSection(SolutionProperties) = preSolution
		HideSolutionNode = FALSE
	EndGlobalSection
	GlobalSection(ExtensibilityGlobals) = postSolution
		SolutionGuid = {5EB6F796-566B-4098-8EB5-6B0588162F2D}
	EndGlobalSection
EndGlobal
